// !$*UTF8*$!
{
	archiveVersion = 1;
	classes = {
	};
	objectVersion = 50;
	objects = {

/* Begin PBXBuildFile section */
		1A81152A21585B0900DAEF13 /* AppDelegate.swift in Sources */ = {isa = PBXBuildFile; fileRef = 1A81152921585B0900DAEF13 /* AppDelegate.swift */; };
		1A81152C21585B0900DAEF13 /* ViewController.swift in Sources */ = {isa = PBXBuildFile; fileRef = 1A81152B21585B0900DAEF13 /* ViewController.swift */; };
		1A81152F21585B0900DAEF13 /* Main.storyboard in Resources */ = {isa = PBXBuildFile; fileRef = 1A81152D21585B0900DAEF13 /* Main.storyboard */; };
		1A81153121585B0A00DAEF13 /* Assets.xcassets in Resources */ = {isa = PBXBuildFile; fileRef = 1A81153021585B0A00DAEF13 /* Assets.xcassets */; };
		1A81153421585B0A00DAEF13 /* LaunchScreen.storyboard in Resources */ = {isa = PBXBuildFile; fileRef = 1A81153221585B0A00DAEF13 /* LaunchScreen.storyboard */; };
		1A81153F21585B0B00DAEF13 /* VictorNavasTests.swift in Sources */ = {isa = PBXBuildFile; fileRef = 1A81153E21585B0B00DAEF13 /* VictorNavasTests.swift */; };
		1A81154A21585B0B00DAEF13 /* VictorNavasUITests.swift in Sources */ = {isa = PBXBuildFile; fileRef = 1A81154921585B0B00DAEF13 /* VictorNavasUITests.swift */; };
		1A8115582158BC0600DAEF13 /* Helpers.swift in Sources */ = {isa = PBXBuildFile; fileRef = 1A8115572158BC0600DAEF13 /* Helpers.swift */; };
/* End PBXBuildFile section */

/* Begin PBXContainerItemProxy section */
		1A81153B21585B0B00DAEF13 /* PBXContainerItemProxy */ = {
			isa = PBXContainerItemProxy;
			containerPortal = 1A81151E21585B0900DAEF13 /* Project object */;
			proxyType = 1;
			remoteGlobalIDString = 1A81152521585B0900DAEF13;
			remoteInfo = VictorNavas;
		};
		1A81154621585B0B00DAEF13 /* PBXContainerItemProxy */ = {
			isa = PBXContainerItemProxy;
			containerPortal = 1A81151E21585B0900DAEF13 /* Project object */;
			proxyType = 1;
			remoteGlobalIDString = 1A81152521585B0900DAEF13;
			remoteInfo = VictorNavas;
		};
/* End PBXContainerItemProxy section */

/* Begin PBXFileReference section */
		1A81152621585B0900DAEF13 /* VictorNavas.app */ = {isa = PBXFileReference; explicitFileType = wrapper.application; includeInIndex = 0; path = VictorNavas.app; sourceTree = BUILT_PRODUCTS_DIR; };
		1A81152921585B0900DAEF13 /* AppDelegate.swift */ = {isa = PBXFileReference; lastKnownFileType = sourcecode.swift; path = AppDelegate.swift; sourceTree = "<group>"; };
		1A81152B21585B0900DAEF13 /* ViewController.swift */ = {isa = PBXFileReference; lastKnownFileType = sourcecode.swift; path = ViewController.swift; sourceTree = "<group>"; };
		1A81152E21585B0900DAEF13 /* Base */ = {isa = PBXFileReference; lastKnownFileType = file.storyboard; name = Base; path = Base.lproj/Main.storyboard; sourceTree = "<group>"; };
		1A81153021585B0A00DAEF13 /* Assets.xcassets */ = {isa = PBXFileReference; lastKnownFileType = folder.assetcatalog; path = Assets.xcassets; sourceTree = "<group>"; };
		1A81153321585B0A00DAEF13 /* Base */ = {isa = PBXFileReference; lastKnownFileType = file.storyboard; name = Base; path = Base.lproj/LaunchScreen.storyboard; sourceTree = "<group>"; };
		1A81153521585B0A00DAEF13 /* Info.plist */ = {isa = PBXFileReference; lastKnownFileType = text.plist.xml; path = Info.plist; sourceTree = "<group>"; };
		1A81153A21585B0B00DAEF13 /* VictorNavasTests.xctest */ = {isa = PBXFileReference; explicitFileType = wrapper.cfbundle; includeInIndex = 0; path = VictorNavasTests.xctest; sourceTree = BUILT_PRODUCTS_DIR; };
		1A81153E21585B0B00DAEF13 /* VictorNavasTests.swift */ = {isa = PBXFileReference; lastKnownFileType = sourcecode.swift; path = VictorNavasTests.swift; sourceTree = "<group>"; };
		1A81154021585B0B00DAEF13 /* Info.plist */ = {isa = PBXFileReference; lastKnownFileType = text.plist.xml; path = Info.plist; sourceTree = "<group>"; };
		1A81154521585B0B00DAEF13 /* VictorNavasUITests.xctest */ = {isa = PBXFileReference; explicitFileType = wrapper.cfbundle; includeInIndex = 0; path = VictorNavasUITests.xctest; sourceTree = BUILT_PRODUCTS_DIR; };
		1A81154921585B0B00DAEF13 /* VictorNavasUITests.swift */ = {isa = PBXFileReference; lastKnownFileType = sourcecode.swift; path = VictorNavasUITests.swift; sourceTree = "<group>"; };
		1A81154B21585B0B00DAEF13 /* Info.plist */ = {isa = PBXFileReference; lastKnownFileType = text.plist.xml; path = Info.plist; sourceTree = "<group>"; };
		1A8115572158BC0600DAEF13 /* Helpers.swift */ = {isa = PBXFileReference; lastKnownFileType = sourcecode.swift; path = Helpers.swift; sourceTree = "<group>"; };
/* End PBXFileReference section */

/* Begin PBXFrameworksBuildPhase section */
		1A81152321585B0900DAEF13 /* Frameworks */ = {
			isa = PBXFrameworksBuildPhase;
			buildActionMask = 2147483647;
			files = (
			);
			runOnlyForDeploymentPostprocessing = 0;
		};
		1A81153721585B0B00DAEF13 /* Frameworks */ = {
			isa = PBXFrameworksBuildPhase;
			buildActionMask = 2147483647;
			files = (
			);
			runOnlyForDeploymentPostprocessing = 0;
		};
		1A81154221585B0B00DAEF13 /* Frameworks */ = {
			isa = PBXFrameworksBuildPhase;
			buildActionMask = 2147483647;
			files = (
			);
			runOnlyForDeploymentPostprocessing = 0;
		};
/* End PBXFrameworksBuildPhase section */

/* Begin PBXGroup section */
		1A81151D21585B0900DAEF13 = {
			isa = PBXGroup;
			children = (
				1A81152821585B0900DAEF13 /* VictorNavas */,
				1A81153D21585B0B00DAEF13 /* VictorNavasTests */,
				1A81154821585B0B00DAEF13 /* VictorNavasUITests */,
				1A81152721585B0900DAEF13 /* Products */,
			);
			sourceTree = "<group>";
		};
		1A81152721585B0900DAEF13 /* Products */ = {
			isa = PBXGroup;
			children = (
				1A81152621585B0900DAEF13 /* VictorNavas.app */,
				1A81153A21585B0B00DAEF13 /* VictorNavasTests.xctest */,
				1A81154521585B0B00DAEF13 /* VictorNavasUITests.xctest */,
			);
			name = Products;
			sourceTree = "<group>";
		};
		1A81152821585B0900DAEF13 /* VictorNavas */ = {
			isa = PBXGroup;
			children = (
				1A81152921585B0900DAEF13 /* AppDelegate.swift */,
				1A8115572158BC0600DAEF13 /* Helpers.swift */,
				1A81152B21585B0900DAEF13 /* ViewController.swift */,
				1A81152D21585B0900DAEF13 /* Main.storyboard */,
				1A81153021585B0A00DAEF13 /* Assets.xcassets */,
				1A81153221585B0A00DAEF13 /* LaunchScreen.storyboard */,
				1A81153521585B0A00DAEF13 /* Info.plist */,
			);
			path = VictorNavas;
			sourceTree = "<group>";
		};
		1A81153D21585B0B00DAEF13 /* VictorNavasTests */ = {
			isa = PBXGroup;
			children = (
				1A81153E21585B0B00DAEF13 /* VictorNavasTests.swift */,
				1A81154021585B0B00DAEF13 /* Info.plist */,
			);
			path = VictorNavasTests;
			sourceTree = "<group>";
		};
		1A81154821585B0B00DAEF13 /* VictorNavasUITests */ = {
			isa = PBXGroup;
			children = (
				1A81154921585B0B00DAEF13 /* VictorNavasUITests.swift */,
				1A81154B21585B0B00DAEF13 /* Info.plist */,
			);
			path = VictorNavasUITests;
			sourceTree = "<group>";
		};
/* End PBXGroup section */

/* Begin PBXNativeTarget section */
		1A81152521585B0900DAEF13 /* VictorNavas */ = {
			isa = PBXNativeTarget;
			buildConfigurationList = 1A81154E21585B0B00DAEF13 /* Build configuration list for PBXNativeTarget "VictorNavas" */;
			buildPhases = (
				1A81152221585B0900DAEF13 /* Sources */,
				1A81152321585B0900DAEF13 /* Frameworks */,
				1A81152421585B0900DAEF13 /* Resources */,
			);
			buildRules = (
			);
			dependencies = (
			);
			name = VictorNavas;
			productName = VictorNavas;
			productReference = 1A81152621585B0900DAEF13 /* VictorNavas.app */;
			productType = "com.apple.product-type.application";
		};
		1A81153921585B0B00DAEF13 /* VictorNavasTests */ = {
			isa = PBXNativeTarget;
			buildConfigurationList = 1A81155121585B0B00DAEF13 /* Build configuration list for PBXNativeTarget "VictorNavasTests" */;
			buildPhases = (
				1A81153621585B0B00DAEF13 /* Sources */,
				1A81153721585B0B00DAEF13 /* Frameworks */,
				1A81153821585B0B00DAEF13 /* Resources */,
			);
			buildRules = (
			);
			dependencies = (
				1A81153C21585B0B00DAEF13 /* PBXTargetDependency */,
			);
			name = VictorNavasTests;
			productName = VictorNavasTests;
			productReference = 1A81153A21585B0B00DAEF13 /* VictorNavasTests.xctest */;
			productType = "com.apple.product-type.bundle.unit-test";
		};
		1A81154421585B0B00DAEF13 /* VictorNavasUITests */ = {
			isa = PBXNativeTarget;
			buildConfigurationList = 1A81155421585B0B00DAEF13 /* Build configuration list for PBXNativeTarget "VictorNavasUITests" */;
			buildPhases = (
				1A81154121585B0B00DAEF13 /* Sources */,
				1A81154221585B0B00DAEF13 /* Frameworks */,
				1A81154321585B0B00DAEF13 /* Resources */,
			);
			buildRules = (
			);
			dependencies = (
				1A81154721585B0B00DAEF13 /* PBXTargetDependency */,
			);
			name = VictorNavasUITests;
			productName = VictorNavasUITests;
			productReference = 1A81154521585B0B00DAEF13 /* VictorNavasUITests.xctest */;
			productType = "com.apple.product-type.bundle.ui-testing";
		};
/* End PBXNativeTarget section */

/* Begin PBXProject section */
		1A81151E21585B0900DAEF13 /* Project object */ = {
			isa = PBXProject;
			attributes = {
				LastSwiftUpdateCheck = 1000;
				LastUpgradeCheck = 1000;
				ORGANIZATIONNAME = "Victor Navas";
				TargetAttributes = {
					1A81152521585B0900DAEF13 = {
						CreatedOnToolsVersion = 10.0;
					};
					1A81153921585B0B00DAEF13 = {
						CreatedOnToolsVersion = 10.0;
						TestTargetID = 1A81152521585B0900DAEF13;
					};
					1A81154421585B0B00DAEF13 = {
						CreatedOnToolsVersion = 10.0;
						TestTargetID = 1A81152521585B0900DAEF13;
					};
				};
			};
			buildConfigurationList = 1A81152121585B0900DAEF13 /* Build configuration list for PBXProject "VictorNavas" */;
			compatibilityVersion = "Xcode 9.3";
			developmentRegion = en;
			hasScannedForEncodings = 0;
			knownRegions = (
				en,
				Base,
			);
			mainGroup = 1A81151D21585B0900DAEF13;
			productRefGroup = 1A81152721585B0900DAEF13 /* Products */;
			projectDirPath = "";
			projectRoot = "";
			targets = (
				1A81152521585B0900DAEF13 /* VictorNavas */,
				1A81153921585B0B00DAEF13 /* VictorNavasTests */,
				1A81154421585B0B00DAEF13 /* VictorNavasUITests */,
			);
		};
/* End PBXProject section */

/* Begin PBXResourcesBuildPhase section */
		1A81152421585B0900DAEF13 /* Resources */ = {
			isa = PBXResourcesBuildPhase;
			buildActionMask = 2147483647;
			files = (
				1A81153421585B0A00DAEF13 /* LaunchScreen.storyboard in Resources */,
				1A81153121585B0A00DAEF13 /* Assets.xcassets in Resources */,
				1A81152F21585B0900DAEF13 /* Main.storyboard in Resources */,
			);
			runOnlyForDeploymentPostprocessing = 0;
		};
		1A81153821585B0B00DAEF13 /* Resources */ = {
			isa = PBXResourcesBuildPhase;
			buildActionMask = 2147483647;
			files = (
			);
			runOnlyForDeploymentPostprocessing = 0;
		};
		1A81154321585B0B00DAEF13 /* Resources */ = {
			isa = PBXResourcesBuildPhase;
			buildActionMask = 2147483647;
			files = (
			);
			runOnlyForDeploymentPostprocessing = 0;
		};
/* End PBXResourcesBuildPhase section */

/* Begin PBXSourcesBuildPhase section */
		1A81152221585B0900DAEF13 /* Sources */ = {
			isa = PBXSourcesBuildPhase;
			buildActionMask = 2147483647;
			files = (
				1A81152C21585B0900DAEF13 /* ViewController.swift in Sources */,
				1A8115582158BC0600DAEF13 /* Helpers.swift in Sources */,
				1A81152A21585B0900DAEF13 /* AppDelegate.swift in Sources */,
			);
			runOnlyForDeploymentPostprocessing = 0;
		};
		1A81153621585B0B00DAEF13 /* Sources */ = {
			isa = PBXSourcesBuildPhase;
			buildActionMask = 2147483647;
			files = (
				1A81153F21585B0B00DAEF13 /* VictorNavasTests.swift in Sources */,
			);
			runOnlyForDeploymentPostprocessing = 0;
		};
		1A81154121585B0B00DAEF13 /* Sources */ = {
			isa = PBXSourcesBuildPhase;
			buildActionMask = 2147483647;
			files = (
				1A81154A21585B0B00DAEF13 /* VictorNavasUITests.swift in Sources */,
			);
			runOnlyForDeploymentPostprocessing = 0;
		};
/* End PBXSourcesBuildPhase section */

/* Begin PBXTargetDependency section */
		1A81153C21585B0B00DAEF13 /* PBXTargetDependency */ = {
			isa = PBXTargetDependency;
			target = 1A81152521585B0900DAEF13 /* VictorNavas */;
			targetProxy = 1A81153B21585B0B00DAEF13 /* PBXContainerItemProxy */;
		};
		1A81154721585B0B00DAEF13 /* PBXTargetDependency */ = {
			isa = PBXTargetDependency;
			target = 1A81152521585B0900DAEF13 /* VictorNavas */;
			targetProxy = 1A81154621585B0B00DAEF13 /* PBXContainerItemProxy */;
		};
/* End PBXTargetDependency section */

/* Begin PBXVariantGroup section */
		1A81152D21585B0900DAEF13 /* Main.storyboard */ = {
			isa = PBXVariantGroup;
			children = (
				1A81152E21585B0900DAEF13 /* Base */,
			);
			name = Main.storyboard;
			sourceTree = "<group>";
		};
		1A81153221585B0A00DAEF13 /* LaunchScreen.storyboard */ = {
			isa = PBXVariantGroup;
			children = (
				1A81153321585B0A00DAEF13 /* Base */,
			);
			name = LaunchScreen.storyboard;
			sourceTree = "<group>";
		};
/* End PBXVariantGroup section */

/* Begin XCBuildConfiguration section */
		1A81154C21585B0B00DAEF13 /* Debug */ = {
			isa = XCBuildConfiguration;
			buildSettings = {
				ALWAYS_SEARCH_USER_PATHS = NO;
				CLANG_ANALYZER_NONNULL = YES;
				CLANG_ANALYZER_NUMBER_OBJECT_CONVERSION = YES_AGGRESSIVE;
				CLANG_CXX_LANGUAGE_STANDARD = "gnu++14";
				CLANG_CXX_LIBRARY = "libc++";
				CLANG_ENABLE_MODULES = YES;
				CLANG_ENABLE_OBJC_ARC = YES;
				CLANG_ENABLE_OBJC_WEAK = YES;
				CLANG_WARN_BLOCK_CAPTURE_AUTORELEASING = YES;
				CLANG_WARN_BOOL_CONVERSION = YES;
				CLANG_WARN_COMMA = YES;
				CLANG_WARN_CONSTANT_CONVERSION = YES;
				CLANG_WARN_DEPRECATED_OBJC_IMPLEMENTATIONS = YES;
				CLANG_WARN_DIRECT_OBJC_ISA_USAGE = YES_ERROR;
				CLANG_WARN_DOCUMENTATION_COMMENTS = YES;
				CLANG_WARN_EMPTY_BODY = YES;
				CLANG_WARN_ENUM_CONVERSION = YES;
				CLANG_WARN_INFINITE_RECURSION = YES;
				CLANG_WARN_INT_CONVERSION = YES;
				CLANG_WARN_NON_LITERAL_NULL_CONVERSION = YES;
				CLANG_WARN_OBJC_IMPLICIT_RETAIN_SELF = YES;
				CLANG_WARN_OBJC_LITERAL_CONVERSION = YES;
				CLANG_WARN_OBJC_ROOT_CLASS = YES_ERROR;
				CLANG_WARN_RANGE_LOOP_ANALYSIS = YES;
				CLANG_WARN_STRICT_PROTOTYPES = YES;
				CLANG_WARN_SUSPICIOUS_MOVE = YES;
				CLANG_WARN_UNGUARDED_AVAILABILITY = YES_AGGRESSIVE;
				CLANG_WARN_UNREACHABLE_CODE = YES;
				CLANG_WARN__DUPLICATE_METHOD_MATCH = YES;
				CODE_SIGN_IDENTITY = "iPhone Developer";
				COPY_PHASE_STRIP = NO;
				DEBUG_INFORMATION_FORMAT = dwarf;
				ENABLE_STRICT_OBJC_MSGSEND = YES;
				ENABLE_TESTABILITY = YES;
				GCC_C_LANGUAGE_STANDARD = gnu11;
				GCC_DYNAMIC_NO_PIC = NO;
				GCC_NO_COMMON_BLOCKS = YES;
				GCC_OPTIMIZATION_LEVEL = 0;
				GCC_PREPROCESSOR_DEFINITIONS = (
					"DEBUG=1",
					"$(inherited)",
				);
				GCC_WARN_64_TO_32_BIT_CONVERSION = YES;
				GCC_WARN_ABOUT_RETURN_TYPE = YES_ERROR;
				GCC_WARN_UNDECLARED_SELECTOR = YES;
				GCC_WARN_UNINITIALIZED_AUTOS = YES_AGGRESSIVE;
				GCC_WARN_UNUSED_FUNCTION = YES;
				GCC_WARN_UNUSED_VARIABLE = YES;
				IPHONEOS_DEPLOYMENT_TARGET = 12.0;
				MTL_ENABLE_DEBUG_INFO = INCLUDE_SOURCE;
				MTL_FAST_MATH = YES;
				ONLY_ACTIVE_ARCH = YES;
				SDKROOT = iphoneos;
				SWIFT_ACTIVE_COMPILATION_CONDITIONS = DEBUG;
				SWIFT_OPTIMIZATION_LEVEL = "-Onone";
			};
			name = Debug;
		};
		1A81154D21585B0B00DAEF13 /* Release */ = {
			isa = XCBuildConfiguration;
			buildSettings = {
				ALWAYS_SEARCH_USER_PATHS = NO;
				CLANG_ANALYZER_NONNULL = YES;
				CLANG_ANALYZER_NUMBER_OBJECT_CONVERSION = YES_AGGRESSIVE;
				CLANG_CXX_LANGUAGE_STANDARD = "gnu++14";
				CLANG_CXX_LIBRARY = "libc++";
				CLANG_ENABLE_MODULES = YES;
				CLANG_ENABLE_OBJC_ARC = YES;
				CLANG_ENABLE_OBJC_WEAK = YES;
				CLANG_WARN_BLOCK_CAPTURE_AUTORELEASING = YES;
				CLANG_WARN_BOOL_CONVERSION = YES;
				CLANG_WARN_COMMA = YES;
				CLANG_WARN_CONSTANT_CONVERSION = YES;
				CLANG_WARN_DEPRECATED_OBJC_IMPLEMENTATIONS = YES;
				CLANG_WARN_DIRECT_OBJC_ISA_USAGE = YES_ERROR;
				CLANG_WARN_DOCUMENTATION_COMMENTS = YES;
				CLANG_WARN_EMPTY_BODY = YES;
				CLANG_WARN_ENUM_CONVERSION = YES;
				CLANG_WARN_INFINITE_RECURSION = YES;
				CLANG_WARN_INT_CONVERSION = YES;
				CLANG_WARN_NON_LITERAL_NULL_CONVERSION = YES;
				CLANG_WARN_OBJC_IMPLICIT_RETAIN_SELF = YES;
				CLANG_WARN_OBJC_LITERAL_CONVERSION = YES;
				CLANG_WARN_OBJC_ROOT_CLASS = YES_ERROR;
				CLANG_WARN_RANGE_LOOP_ANALYSIS = YES;
				CLANG_WARN_STRICT_PROTOTYPES = YES;
				CLANG_WARN_SUSPICIOUS_MOVE = YES;
				CLANG_WARN_UNGUARDED_AVAILABILITY = YES_AGGRESSIVE;
				CLANG_WARN_UNREACHABLE_CODE = YES;
				CLANG_WARN__DUPLICATE_METHOD_MATCH = YES;
				CODE_SIGN_IDENTITY = "iPhone Developer";
				COPY_PHASE_STRIP = NO;
				DEBUG_INFORMATION_FORMAT = "dwarf-with-dsym";
				ENABLE_NS_ASSERTIONS = NO;
				ENABLE_STRICT_OBJC_MSGSEND = YES;
				GCC_C_LANGUAGE_STANDARD = gnu11;
				GCC_NO_COMMON_BLOCKS = YES;
				GCC_WARN_64_TO_32_BIT_CONVERSION = YES;
				GCC_WARN_ABOUT_RETURN_TYPE = YES_ERROR;
				GCC_WARN_UNDECLARED_SELECTOR = YES;
				GCC_WARN_UNINITIALIZED_AUTOS = YES_AGGRESSIVE;
				GCC_WARN_UNUSED_FUNCTION = YES;
				GCC_WARN_UNUSED_VARIABLE = YES;
				IPHONEOS_DEPLOYMENT_TARGET = 12.0;
				MTL_ENABLE_DEBUG_INFO = NO;
				MTL_FAST_MATH = YES;
				SDKROOT = iphoneos;
				SWIFT_COMPILATION_MODE = wholemodule;
				SWIFT_OPTIMIZATION_LEVEL = "-O";
				VALIDATE_PRODUCT = YES;
			};
			name = Release;
		};
		1A81154F21585B0B00DAEF13 /* Debug */ = {
			isa = XCBuildConfiguration;
			buildSettings = {
				ASSETCATALOG_COMPILER_APPICON_NAME = AppIcon;
				CODE_SIGN_STYLE = Automatic;
				DEVELOPMENT_TEAM = 7JEL6T6EQ6;
				INFOPLIST_FILE = VictorNavas/Info.plist;
				LD_RUNPATH_SEARCH_PATHS = (
					"$(inherited)",
					"@executable_path/Frameworks",
				);
				PRODUCT_BUNDLE_IDENTIFIER = com.vns.VictorNavas;
				PRODUCT_NAME = "$(TARGET_NAME)";
				SWIFT_VERSION = 4.2;
				TARGETED_DEVICE_FAMILY = "1,2";
			};
			name = Debug;
		};
		1A81155021585B0B00DAEF13 /* Release */ = {
			isa = XCBuildConfiguration;
			buildSettings = {
				ASSETCATALOG_COMPILER_APPICON_NAME = AppIcon;
				CODE_SIGN_STYLE = Automatic;
				DEVELOPMENT_TEAM = 7JEL6T6EQ6;
				INFOPLIST_FILE = VictorNavas/Info.plist;
				LD_RUNPATH_SEARCH_PATHS = (
					"$(inherited)",
					"@executable_path/Frameworks",
				);
				PRODUCT_BUNDLE_IDENTIFIER = com.vns.VictorNavas;
				PRODUCT_NAME = "$(TARGET_NAME)";
				SWIFT_VERSION = 4.2;
				TARGETED_DEVICE_FAMILY = "1,2";
			};
			name = Release;
		};
		1A81155221585B0B00DAEF13 /* Debug */ = {
			isa = XCBuildConfiguration;
			buildSettings = {
				ALWAYS_EMBED_SWIFT_STANDARD_LIBRARIES = YES;
				BUNDLE_LOADER = "$(TEST_HOST)";
				CODE_SIGN_STYLE = Automatic;
				DEVELOPMENT_TEAM = 7JEL6T6EQ6;
				INFOPLIST_FILE = VictorNavasTests/Info.plist;
				LD_RUNPATH_SEARCH_PATHS = (
					"$(inherited)",
					"@executable_path/Frameworks",
					"@loader_path/Frameworks",
				);
				PRODUCT_BUNDLE_IDENTIFIER = com.vns.VictorNavasTests;
				PRODUCT_NAME = "$(TARGET_NAME)";
				SWIFT_VERSION = 4.2;
				TARGETED_DEVICE_FAMILY = "1,2";
				TEST_HOST = "$(BUILT_PRODUCTS_DIR)/VictorNavas.app/VictorNavas";
			};
			name = Debug;
		};
		1A81155321585B0B00DAEF13 /* Release */ = {
			isa = XCBuildConfiguration;
			buildSettings = {
				ALWAYS_EMBED_SWIFT_STANDARD_LIBRARIES = YES;
				BUNDLE_LOADER = "$(TEST_HOST)";
				CODE_SIGN_STYLE = Automatic;
				DEVELOPMENT_TEAM = 7JEL6T6EQ6;
				INFOPLIST_FILE = VictorNavasTests/Info.plist;
				LD_RUNPATH_SEARCH_PATHS = (
					"$(inherited)",
					"@executable_path/Frameworks",
					"@loader_path/Frameworks",
				);
				PRODUCT_BUNDLE_IDENTIFIER = com.vns.VictorNavasTests;
				PRODUCT_NAME = "$(TARGET_NAME)";
				SWIFT_VERSION = 4.2;
				TARGETED_DEVICE_FAMILY = "1,2";
				TEST_HOST = "$(BUILT_PRODUCTS_DIR)/VictorNavas.app/VictorNavas";
			};
			name = Release;
		};
		1A81155521585B0B00DAEF13 /* Debug */ = {
			isa = XCBuildConfiguration;
			buildSettings = {
				ALWAYS_EMBED_SWIFT_STANDARD_LIBRARIES = YES;
				CODE_SIGN_STYLE = Automatic;
				DEVELOPMENT_TEAM = 7JEL6T6EQ6;
				INFOPLIST_FILE = VictorNavasUITests/Info.plist;
				LD_RUNPATH_SEARCH_PATHS = (
					"$(inherited)",
					"@executable_path/Frameworks",
					"@loader_path/Frameworks",
				);
				PRODUCT_BUNDLE_IDENTIFIER = com.vns.VictorNavasUITests;
				PRODUCT_NAME = "$(TARGET_NAME)";
				SWIFT_VERSION = 4.2;
				TARGETED_DEVICE_FAMILY = "1,2";
				TEST_TARGET_NAME = VictorNavas;
			};
			name = Debug;
		};
		1A81155621585B0B00DAEF13 /* Release */ = {
			isa = XCBuildConfiguration;
			buildSettings = {
				ALWAYS_EMBED_SWIFT_STANDARD_LIBRARIES = YES;
				CODE_SIGN_STYLE = Automatic;
				DEVELOPMENT_TEAM = 7JEL6T6EQ6;
				INFOPLIST_FILE = VictorNavasUITests/Info.plist;
				LD_RUNPATH_SEARCH_PATHS = (
					"$(inherited)",
					"@executable_path/Frameworks",
					"@loader_path/Frameworks",
				);
				PRODUCT_BUNDLE_IDENTIFIER = com.vns.VictorNavasUITests;
				PRODUCT_NAME = "$(TARGET_NAME)";
				SWIFT_VERSION = 4.2;
				TARGETED_DEVICE_FAMILY = "1,2";
				TEST_TARGET_NAME = VictorNavas;
			};
			name = Release;
		};
/* End XCBuildConfiguration section */

/* Begin XCConfigurationList section */
		1A81152121585B0900DAEF13 /* Build configuration list for PBXProject "VictorNavas" */ = {
			isa = XCConfigurationList;
			buildConfigurations = (
				1A81154C21585B0B00DAEF13 /* Debug */,
				1A81154D21585B0B00DAEF13 /* Release */,
			);
			defaultConfigurationIsVisible = 0;
			defaultConfigurationName = Release;
		};
		1A81154E21585B0B00DAEF13 /* Build configuration list for PBXNativeTarget "VictorNavas" */ = {
			isa = XCConfigurationList;
			buildConfigurations = (
				1A81154F21585B0B00DAEF13 /* Debug */,
				1A81155021585B0B00DAEF13 /* Release */,
			);
			defaultConfigurationIsVisible = 0;
			defaultConfigurationName = Release;
		};
		1A81155121585B0B00DAEF13 /* Build configuration list for PBXNativeTarget "VictorNavasTests" */ = {
			isa = XCConfigurationList;
			buildConfigurations = (
				1A81155221585B0B00DAEF13 /* Debug */,
				1A81155321585B0B00DAEF13 /* Release */,
			);
			defaultConfigurationIsVisible = 0;
			defaultConfigurationName = Release;
		};
		1A81155421585B0B00DAEF13 /* Build configuration list for PBXNativeTarget "VictorNavasUITests" */ = {
			isa = XCConfigurationList;
			buildConfigurations = (
				1A81155521585B0B00DAEF13 /* Debug */,
				1A81155621585B0B00DAEF13 /* Release */,
			);
			defaultConfigurationIsVisible = 0;
			defaultConfigurationName = Release;
		};
/* End XCConfigurationList section */
	};
	rootObject = 1A81151E21585B0900DAEF13 /* Project object */;
}
